
Microsoft Visual Studio Solution File, Format Version 12.00
# Visual Studio Version 17
VisualStudioVersion = 17.8.34525.116
MinimumVisualStudioVersion = 10.0.40219.1
Project("{FAE04EC0-301F-11D3-BF4B-00C04F79EFBC}") = "DLL_Implement", "DLL_Implement.csproj", "{4A1E734B-0E06-4668-91F0-E9E890F47357}"
EndProject
Project("{FAE04EC0-301F-11D3-BF4B-00C04F79EFBC}") = "DLL1", "..\DLL1\DLL1.csproj", "{90F8C856-33C6-4824-B0D9-FE52C3D06167}"
EndProject
Global
	GlobalSection(SolutionConfigurationPlatforms) = preSolution
		Debug|Any CPU = Debug|Any CPU
		Release|Any CPU = Release|Any CPU
	EndGlobalSection
	GlobalSection(ProjectConfigurationPlatforms) = postSolution
		{4A1E734B-0E06-4668-91F0-E9E890F47357}.Debug|Any CPU.ActiveCfg = Debug|Any CPU
		{4A1E734B-0E06-4668-91F0-E9E890F47357}.Debug|Any CPU.Build.0 = Debug|Any CPU
		{4A1E734B-0E06-4668-91F0-E9E890F47357}.Release|Any CPU.ActiveCfg = Release|Any CPU
		{4A1E734B-0E06-4668-91F0-E9E890F47357}.Release|Any CPU.Build.0 = Release|Any CPU
		{90F8C856-33C6-4824-B0D9-FE52C3D06167}.Debug|Any CPU.ActiveCfg = Debug|Any CPU
		{90F8C856-33C6-4824-B0D9-FE52C3D06167}.Debug|Any CPU.Build.0 = Debug|Any CPU
		{90F8C856-33C6-4824-B0D9-FE52C3D06167}.Release|Any CPU.ActiveCfg = Release|Any CPU
		{90F8C856-33C6-4824-B0D9-FE52C3D06167}.Release|Any CPU.Build.0 = Release|Any CPU
	EndGlobalSection
	GlobalSection(SolutionProperties) = preSolution
		HideSolutionNode = FALSE
	EndGlobalSection
	GlobalSection(ExtensibilityGlobals) = postSolution
		SolutionGuid = {03A1FF6C-FE8F-4D5F-B90C-1B47655DBBA2}
	EndGlobalSection
EndGlobal
